
Microsoft Visual Studio Solution File, Format Version 12.00
Project("{FAE04EC0-301F-11D3-BF4B-00C04F79EFBC}") = "AutoService.API", "AutoService.API\AutoService.API.csproj", "{C8B0E0DF-5F77-4871-AD76-7D038932D1A7}"
EndProject
Project("{FAE04EC0-301F-11D3-BF4B-00C04F79EFBC}") = "AutoService.Core", "AutoService.Core\AutoService.Core.csproj", "{76423D37-9C0B-4A8B-AC4D-F4B31892E385}"
EndProject
Global
	GlobalSection(SolutionConfigurationPlatforms) = preSolution
		Debug|Any CPU = Debug|Any CPU
		Release|Any CPU = Release|Any CPU
	EndGlobalSection
	GlobalSection(ProjectConfigurationPlatforms) = postSolution
		{C8B0E0DF-5F77-4871-AD76-7D038932D1A7}.Debug|Any CPU.ActiveCfg = Debug|Any CPU
		{C8B0E0DF-5F77-4871-AD76-7D038932D1A7}.Debug|Any CPU.Build.0 = Debug|Any CPU
		{C8B0E0DF-5F77-4871-AD76-7D038932D1A7}.Release|Any CPU.ActiveCfg = Release|Any CPU
		{C8B0E0DF-5F77-4871-AD76-7D038932D1A7}.Release|Any CPU.Build.0 = Release|Any CPU
		{76423D37-9C0B-4A8B-AC4D-F4B31892E385}.Debug|Any CPU.ActiveCfg = Debug|Any CPU
		{76423D37-9C0B-4A8B-AC4D-F4B31892E385}.Debug|Any CPU.Build.0 = Debug|Any CPU
		{76423D37-9C0B-4A8B-AC4D-F4B31892E385}.Release|Any CPU.ActiveCfg = Release|Any CPU
		{76423D37-9C0B-4A8B-AC4D-F4B31892E385}.Release|Any CPU.Build.0 = Release|Any CPU
	EndGlobalSection
EndGlobal
