
Microsoft Visual Studio Solution File, Format Version 12.00
Project("{FAE04EC0-301F-11D3-BF4B-00C04F79EFBC}") = "DeliveryOffice.API", "DeliveryOffice.API\DeliveryOffice.API.csproj", "{B2B6B133-52BC-4B53-858C-66C92D503CB9}"
EndProject
Project("{FAE04EC0-301F-11D3-BF4B-00C04F79EFBC}") = "DeliveryOffice.Core", "DeliveryOffice.Core\DeliveryOffice.Core.csproj", "{C2701D44-5E24-4C54-BFA7-549380B799BD}"
EndProject
Project("{FAE04EC0-301F-11D3-BF4B-00C04F79EFBC}") = "DeliveryOffice.Core.Configurations", "DeliveryOffice.Core.Configurations\DeliveryOffice.Core.Configurations.csproj", "{09EECE54-78BF-47E6-88BF-030472F64DE6}"
EndProject
Project("{FAE04EC0-301F-11D3-BF4B-00C04F79EFBC}") = "DeliveryOffice.DataAccess", "DeliveryOffice.DataAccess\DeliveryOffice.DataAccess.csproj", "{720C7124-A159-40D1-877E-4AA0D72BC1C1}"
EndProject
Project("{FAE04EC0-301F-11D3-BF4B-00C04F79EFBC}") = "DeliveryOffice.DataAccess.Repositories", "DeliveryOffice.DataAccess.Repositories\DeliveryOffice.DataAccess.Repositories.csproj", "{968E61E9-FA2D-46A9-B436-465782397CE3}"
EndProject
Project("{FAE04EC0-301F-11D3-BF4B-00C04F79EFBC}") = "DeliveryOffice.Services", "DeliveryOffice.Services\DeliveryOffice.Services.csproj", "{88400DEB-B49F-4F92-ADAA-0660A59ACF84}"
EndProject
Global
	GlobalSection(SolutionConfigurationPlatforms) = preSolution
		Debug|Any CPU = Debug|Any CPU
		Release|Any CPU = Release|Any CPU
	EndGlobalSection
	GlobalSection(ProjectConfigurationPlatforms) = postSolution
		{B2B6B133-52BC-4B53-858C-66C92D503CB9}.Debug|Any CPU.ActiveCfg = Debug|Any CPU
		{B2B6B133-52BC-4B53-858C-66C92D503CB9}.Debug|Any CPU.Build.0 = Debug|Any CPU
		{B2B6B133-52BC-4B53-858C-66C92D503CB9}.Release|Any CPU.ActiveCfg = Release|Any CPU
		{B2B6B133-52BC-4B53-858C-66C92D503CB9}.Release|Any CPU.Build.0 = Release|Any CPU
		{C2701D44-5E24-4C54-BFA7-549380B799BD}.Debug|Any CPU.ActiveCfg = Debug|Any CPU
		{C2701D44-5E24-4C54-BFA7-549380B799BD}.Debug|Any CPU.Build.0 = Debug|Any CPU
		{C2701D44-5E24-4C54-BFA7-549380B799BD}.Release|Any CPU.ActiveCfg = Release|Any CPU
		{C2701D44-5E24-4C54-BFA7-549380B799BD}.Release|Any CPU.Build.0 = Release|Any CPU
		{09EECE54-78BF-47E6-88BF-030472F64DE6}.Debug|Any CPU.ActiveCfg = Debug|Any CPU
		{09EECE54-78BF-47E6-88BF-030472F64DE6}.Debug|Any CPU.Build.0 = Debug|Any CPU
		{09EECE54-78BF-47E6-88BF-030472F64DE6}.Release|Any CPU.ActiveCfg = Release|Any CPU
		{09EECE54-78BF-47E6-88BF-030472F64DE6}.Release|Any CPU.Build.0 = Release|Any CPU
		{720C7124-A159-40D1-877E-4AA0D72BC1C1}.Debug|Any CPU.ActiveCfg = Debug|Any CPU
		{720C7124-A159-40D1-877E-4AA0D72BC1C1}.Debug|Any CPU.Build.0 = Debug|Any CPU
		{720C7124-A159-40D1-877E-4AA0D72BC1C1}.Release|Any CPU.ActiveCfg = Release|Any CPU
		{720C7124-A159-40D1-877E-4AA0D72BC1C1}.Release|Any CPU.Build.0 = Release|Any CPU
		{968E61E9-FA2D-46A9-B436-465782397CE3}.Debug|Any CPU.ActiveCfg = Debug|Any CPU
		{968E61E9-FA2D-46A9-B436-465782397CE3}.Debug|Any CPU.Build.0 = Debug|Any CPU
		{968E61E9-FA2D-46A9-B436-465782397CE3}.Release|Any CPU.ActiveCfg = Release|Any CPU
		{968E61E9-FA2D-46A9-B436-465782397CE3}.Release|Any CPU.Build.0 = Release|Any CPU
		{88400DEB-B49F-4F92-ADAA-0660A59ACF84}.Debug|Any CPU.ActiveCfg = Debug|Any CPU
		{88400DEB-B49F-4F92-ADAA-0660A59ACF84}.Debug|Any CPU.Build.0 = Debug|Any CPU
		{88400DEB-B49F-4F92-ADAA-0660A59ACF84}.Release|Any CPU.ActiveCfg = Release|Any CPU
		{88400DEB-B49F-4F92-ADAA-0660A59ACF84}.Release|Any CPU.Build.0 = Release|Any CPU
	EndGlobalSection
EndGlobal
